<Project xmlns="http://schemas.microsoft.com/developer/msbuild/2003">
  <PropertyGroup>
    <DCC_UnitSearchPath>lib\$(Platform);$(DCC_UnitSearchPath)</DCC_UnitSearchPath>
  </PropertyGroup>
  <Import Project="$(BDS)\Bin\CodeGear.Delphi.Targets" Condition="Exists('$(BDS)\Bin\CodeGear.Delphi.Targets')" />
</Project>
